dependencies:
- name: memcached
  repository: https://charts.bitnami.com/bitnami
  version: 6.0.5
- name: memcached
  repository: https://charts.bitnami.com/bitnami
  version: 6.0.5
- name: memcached
  repository: https://charts.bitnami.com/bitnami
  version: 6.0.5
- name: memcached
  repository: https://charts.bitnami.com/bitnami
  version: 6.0.5
- name: memcached
  repository: https://charts.bitnami.com/bitnami
  version: 6.0.5
- name: memcached
  repository: https://charts.bitnami.com/bitnami
  version: 6.0.5
- name: memcached
  repository: https://charts.bitnami.com/bitnami
  version: 6.0.5
digest: sha256:19af4bcd7dfc65c87dec52bd735f6940bb2de90356ba35eabdd7fbee7303c323
generated: "2022-03-08T21:39:27.044853706Z"
